
Microsoft Visual Studio Solution File, Format Version 12.00
# Visual Studio Version 17
VisualStudioVersion = 17.14.36221.1
MinimumVisualStudioVersion = 10.0.40219.1
Project("{FAE04EC0-301F-11D3-BF4B-00C04F79EFBC}") = "SystemInformation(Basic Taskmanager in console)", "SystemInformation(Basic Taskmanager in console).csproj", "{0E2D9159-65E9-42CE-9C94-FAB0988B82A5}"
EndProject
Global
	GlobalSection(SolutionConfigurationPlatforms) = preSolution
		Debug|Any CPU = Debug|Any CPU
		Release|Any CPU = Release|Any CPU
	EndGlobalSection
	GlobalSection(ProjectConfigurationPlatforms) = postSolution
		{0E2D9159-65E9-42CE-9C94-FAB0988B82A5}.Debug|Any CPU.ActiveCfg = Debug|Any CPU
		{0E2D9159-65E9-42CE-9C94-FAB0988B82A5}.Debug|Any CPU.Build.0 = Debug|Any CPU
		{0E2D9159-65E9-42CE-9C94-FAB0988B82A5}.Release|Any CPU.ActiveCfg = Release|Any CPU
		{0E2D9159-65E9-42CE-9C94-FAB0988B82A5}.Release|Any CPU.Build.0 = Release|Any CPU
	EndGlobalSection
	GlobalSection(SolutionProperties) = preSolution
		HideSolutionNode = FALSE
	EndGlobalSection
	GlobalSection(ExtensibilityGlobals) = postSolution
		SolutionGuid = {B18C7AD1-152C-4FF5-B19D-46C89061769C}
	EndGlobalSection
EndGlobal
